// !$*UTF8*$!
{
	archiveVersion = 1;
	classes = {
	};
	objectVersion = 51;
	objects = {

/* Begin PBXBuildFile section */
		23C2BB8271A207213F903339 /* Pods_CheckExchangeRate.framework in Frameworks */ = {isa = PBXBuildFile; fileRef = E422F8E96E4D94A60A2F4060 /* Pods_CheckExchangeRate.framework */; };
		2D7C832652695D78F21E4CA3 /* Pods_CheckExchangeRate_CheckExchangeRateUITests.framework in Frameworks */ = {isa = PBXBuildFile; fileRef = 9A0F362A630C7EF971D1ABC9 /* Pods_CheckExchangeRate_CheckExchangeRateUITests.framework */; };
		680D21D62462EED600931845 /* TopScreeenUITests.swift in Sources */ = {isa = PBXBuildFile; fileRef = 680D21D52462EED600931845 /* TopScreeenUITests.swift */; };
		680D21DA2462FDBF00931845 /* TestTopInteractor.swift in Sources */ = {isa = PBXBuildFile; fileRef = 680D21D72462F37D00931845 /* TestTopInteractor.swift */; };
		680D21DE2463CF0400931845 /* Localizable.strings in Resources */ = {isa = PBXBuildFile; fileRef = 680D21DD2463CF0400931845 /* Localizable.strings */; };
		680D21E22464120900931845 /* TestCurrencyListInteractor.swift in Sources */ = {isa = PBXBuildFile; fileRef = 680D21E12464120900931845 /* TestCurrencyListInteractor.swift */; };
		680D21E42464273500931845 /* XCTestCase+Wait.swift in Sources */ = {isa = PBXBuildFile; fileRef = 680D21E32464273500931845 /* XCTestCase+Wait.swift */; };
		680D21E6246427EE00931845 /* CurrencyListScreenUITest.swift in Sources */ = {isa = PBXBuildFile; fileRef = 680D21E5246427EE00931845 /* CurrencyListScreenUITest.swift */; };
		6835CB15245F179600EE9347 /* RateListResponse.swift in Sources */ = {isa = PBXBuildFile; fileRef = 6835CB14245F179600EE9347 /* RateListResponse.swift */; };
		6845F017245B110B004F35FE /* AppDelegate.swift in Sources */ = {isa = PBXBuildFile; fileRef = 6845F016245B110B004F35FE /* AppDelegate.swift */; };
		6845F019245B110B004F35FE /* SceneDelegate.swift in Sources */ = {isa = PBXBuildFile; fileRef = 6845F018245B110B004F35FE /* SceneDelegate.swift */; };
		6845F020245B110D004F35FE /* Assets.xcassets in Resources */ = {isa = PBXBuildFile; fileRef = 6845F01F245B110D004F35FE /* Assets.xcassets */; };
		6845F023245B110D004F35FE /* LaunchScreen.storyboard in Resources */ = {isa = PBXBuildFile; fileRef = 6845F021245B110D004F35FE /* LaunchScreen.storyboard */; };
		686D4599245D2DEB0017B05F /* RootWireframe.swift in Sources */ = {isa = PBXBuildFile; fileRef = 686D4586245D2DEB0017B05F /* RootWireframe.swift */; };
		686D459A245D2DEB0017B05F /* RootRouter.swift in Sources */ = {isa = PBXBuildFile; fileRef = 686D4587245D2DEB0017B05F /* RootRouter.swift */; };
		686D45A3245D30A80017B05F /* TopContract.swift in Sources */ = {isa = PBXBuildFile; fileRef = 686D45A2245D30A80017B05F /* TopContract.swift */; };
		686D45A5245D41710017B05F /* TopPresenter.swift in Sources */ = {isa = PBXBuildFile; fileRef = 686D45A4245D41710017B05F /* TopPresenter.swift */; };
		686D45A7245D42290017B05F /* TopViewController.swift in Sources */ = {isa = PBXBuildFile; fileRef = 686D45A6245D42290017B05F /* TopViewController.swift */; };
		686D45A9245D42730017B05F /* TopInteractor.swift in Sources */ = {isa = PBXBuildFile; fileRef = 686D45A8245D42730017B05F /* TopInteractor.swift */; };
		686D45AB245D42990017B05F /* TopRouter.swift in Sources */ = {isa = PBXBuildFile; fileRef = 686D45AA245D42990017B05F /* TopRouter.swift */; };
		686D45AF245D45B70017B05F /* Top.storyboard in Resources */ = {isa = PBXBuildFile; fileRef = 686D45AE245D45B70017B05F /* Top.storyboard */; };
		686D45B2245D47260017B05F /* R.generated.swift in Sources */ = {isa = PBXBuildFile; fileRef = 686D45B1245D47260017B05F /* R.generated.swift */; };
		686D45F0245E4FC20017B05F /* CurrencyData.swift in Sources */ = {isa = PBXBuildFile; fileRef = 686D45EF245E4FC20017B05F /* CurrencyData.swift */; };
		686D45F2245E52520017B05F /* ExchangeRateData.swift in Sources */ = {isa = PBXBuildFile; fileRef = 686D45F1245E52520017B05F /* ExchangeRateData.swift */; };
		686D45F4245E80460017B05F /* UIView+Border.swift in Sources */ = {isa = PBXBuildFile; fileRef = 686D45F3245E80460017B05F /* UIView+Border.swift */; };
		686D45F6245E8E000017B05F /* Double+Formater.swift in Sources */ = {isa = PBXBuildFile; fileRef = 686D45F5245E8E000017B05F /* Double+Formater.swift */; };
		686D45F8245E99A30017B05F /* UserPreferenceData.swift in Sources */ = {isa = PBXBuildFile; fileRef = 686D45F7245E99A30017B05F /* UserPreferenceData.swift */; };
		686D45FB245EA8BA0017B05F /* Define.swift in Sources */ = {isa = PBXBuildFile; fileRef = 686D45FA245EA8BA0017B05F /* Define.swift */; };
		686D45FF245F044D0017B05F /* CurrencyListResponse.swift in Sources */ = {isa = PBXBuildFile; fileRef = 686D45FE245F044D0017B05F /* CurrencyListResponse.swift */; };
		689FBD502461A01A00E69197 /* CurrencyListContract.swift in Sources */ = {isa = PBXBuildFile; fileRef = 689FBD462461A01A00E69197 /* CurrencyListContract.swift */; };
		689FBD512461A01A00E69197 /* CurrencyListPresenter.swift in Sources */ = {isa = PBXBuildFile; fileRef = 689FBD482461A01A00E69197 /* CurrencyListPresenter.swift */; };
		689FBD522461A01A00E69197 /* CurrencyList.storyboard in Resources */ = {isa = PBXBuildFile; fileRef = 689FBD4A2461A01A00E69197 /* CurrencyList.storyboard */; };
		689FBD532461A01A00E69197 /* CurrencyListViewController.swift in Sources */ = {isa = PBXBuildFile; fileRef = 689FBD4B2461A01A00E69197 /* CurrencyListViewController.swift */; };
		689FBD542461A01A00E69197 /* CurrencyListInteractor.swift in Sources */ = {isa = PBXBuildFile; fileRef = 689FBD4D2461A01A00E69197 /* CurrencyListInteractor.swift */; };
		689FBD552461A01A00E69197 /* CurrencyListRouter.swift in Sources */ = {isa = PBXBuildFile; fileRef = 689FBD4F2461A01A00E69197 /* CurrencyListRouter.swift */; };
		689FBD572461C44000E69197 /* CurrencyCell.swift in Sources */ = {isa = PBXBuildFile; fileRef = 689FBD562461C44000E69197 /* CurrencyCell.swift */; };
		AA20A050E29AF97A4402FA91 /* Pods_CheckExchangeRateTests.framework in Frameworks */ = {isa = PBXBuildFile; fileRef = D93949EF4C1DE17F7C433DB0 /* Pods_CheckExchangeRateTests.framework */; };
/* End PBXBuildFile section */

/* Begin PBXContainerItemProxy section */
		6845F02A245B110D004F35FE /* PBXContainerItemProxy */ = {
			isa = PBXContainerItemProxy;
			containerPortal = 6845F00B245B110B004F35FE /* Project object */;
			proxyType = 1;
			remoteGlobalIDString = 6845F012245B110B004F35FE;
			remoteInfo = CheckExchangeRate;
		};
		6845F035245B110D004F35FE /* PBXContainerItemProxy */ = {
			isa = PBXContainerItemProxy;
			containerPortal = 6845F00B245B110B004F35FE /* Project object */;
			proxyType = 1;
			remoteGlobalIDString = 6845F012245B110B004F35FE;
			remoteInfo = CheckExchangeRate;
		};
/* End PBXContainerItemProxy section */

/* Begin PBXFileReference section */
		12DA8444086673A21C748FCC /* Pods-CheckExchangeRate-CheckExchangeRateUITests.debug.xcconfig */ = {isa = PBXFileReference; includeInIndex = 1; lastKnownFileType = text.xcconfig; name = "Pods-CheckExchangeRate-CheckExchangeRateUITests.debug.xcconfig"; path = "Target Support Files/Pods-CheckExchangeRate-CheckExchangeRateUITests/Pods-CheckExchangeRate-CheckExchangeRateUITests.debug.xcconfig"; sourceTree = "<group>"; };
		27E5EE940E79C7FC3F0A53C9 /* Pods-CheckExchangeRate.debug.xcconfig */ = {isa = PBXFileReference; includeInIndex = 1; lastKnownFileType = text.xcconfig; name = "Pods-CheckExchangeRate.debug.xcconfig"; path = "Target Support Files/Pods-CheckExchangeRate/Pods-CheckExchangeRate.debug.xcconfig"; sourceTree = "<group>"; };
		3E74497B824B2C7AC3A86EEF /* Pods-CheckExchangeRateTests.release.xcconfig */ = {isa = PBXFileReference; includeInIndex = 1; lastKnownFileType = text.xcconfig; name = "Pods-CheckExchangeRateTests.release.xcconfig"; path = "Target Support Files/Pods-CheckExchangeRateTests/Pods-CheckExchangeRateTests.release.xcconfig"; sourceTree = "<group>"; };
		568AD3B7C60711E5EF83350A /* Pods-CheckExchangeRate-CheckExchangeRateUITests.release.xcconfig */ = {isa = PBXFileReference; includeInIndex = 1; lastKnownFileType = text.xcconfig; name = "Pods-CheckExchangeRate-CheckExchangeRateUITests.release.xcconfig"; path = "Target Support Files/Pods-CheckExchangeRate-CheckExchangeRateUITests/Pods-CheckExchangeRate-CheckExchangeRateUITests.release.xcconfig"; sourceTree = "<group>"; };
		608B1D7DB426A9DC44A4EC8F /* Pods-CheckExchangeRate.release.xcconfig */ = {isa = PBXFileReference; includeInIndex = 1; lastKnownFileType = text.xcconfig; name = "Pods-CheckExchangeRate.release.xcconfig"; path = "Target Support Files/Pods-CheckExchangeRate/Pods-CheckExchangeRate.release.xcconfig"; sourceTree = "<group>"; };
		680D21D52462EED600931845 /* TopScreeenUITests.swift */ = {isa = PBXFileReference; lastKnownFileType = sourcecode.swift; path = TopScreeenUITests.swift; sourceTree = "<group>"; };
		680D21D72462F37D00931845 /* TestTopInteractor.swift */ = {isa = PBXFileReference; lastKnownFileType = sourcecode.swift; path = TestTopInteractor.swift; sourceTree = "<group>"; };
		680D21DD2463CF0400931845 /* Localizable.strings */ = {isa = PBXFileReference; lastKnownFileType = text.plist.strings; path = Localizable.strings; sourceTree = "<group>"; };
		680D21E12464120900931845 /* TestCurrencyListInteractor.swift */ = {isa = PBXFileReference; lastKnownFileType = sourcecode.swift; path = TestCurrencyListInteractor.swift; sourceTree = "<group>"; };
		680D21E32464273500931845 /* XCTestCase+Wait.swift */ = {isa = PBXFileReference; lastKnownFileType = sourcecode.swift; path = "XCTestCase+Wait.swift"; sourceTree = "<group>"; };
		680D21E5246427EE00931845 /* CurrencyListScreenUITest.swift */ = {isa = PBXFileReference; lastKnownFileType = sourcecode.swift; path = CurrencyListScreenUITest.swift; sourceTree = "<group>"; };
		6835CB14245F179600EE9347 /* RateListResponse.swift */ = {isa = PBXFileReference; lastKnownFileType = sourcecode.swift; path = RateListResponse.swift; sourceTree = "<group>"; };
		6845F013245B110B004F35FE /* ExcehangeRate.app */ = {isa = PBXFileReference; explicitFileType = wrapper.application; includeInIndex = 0; path = ExcehangeRate.app; sourceTree = BUILT_PRODUCTS_DIR; };
		6845F016245B110B004F35FE /* AppDelegate.swift */ = {isa = PBXFileReference; lastKnownFileType = sourcecode.swift; name = AppDelegate.swift; path = ../AppDelegate.swift; sourceTree = "<group>"; };
		6845F018245B110B004F35FE /* SceneDelegate.swift */ = {isa = PBXFileReference; lastKnownFileType = sourcecode.swift; name = SceneDelegate.swift; path = ../SceneDelegate.swift; sourceTree = "<group>"; };
		6845F01F245B110D004F35FE /* Assets.xcassets */ = {isa = PBXFileReference; lastKnownFileType = folder.assetcatalog; path = Assets.xcassets; sourceTree = "<group>"; };
		6845F022245B110D004F35FE /* Base */ = {isa = PBXFileReference; lastKnownFileType = file.storyboard; name = Base; path = Base.lproj/LaunchScreen.storyboard; sourceTree = "<group>"; };
		6845F024245B110D004F35FE /* Info.plist */ = {isa = PBXFileReference; lastKnownFileType = text.plist.xml; path = Info.plist; sourceTree = "<group>"; };
		6845F029245B110D004F35FE /* CheckExchangeRateTests.xctest */ = {isa = PBXFileReference; explicitFileType = wrapper.cfbundle; includeInIndex = 0; path = CheckExchangeRateTests.xctest; sourceTree = BUILT_PRODUCTS_DIR; };
		6845F02F245B110D004F35FE /* Info.plist */ = {isa = PBXFileReference; lastKnownFileType = text.plist.xml; path = Info.plist; sourceTree = "<group>"; };
		6845F034245B110D004F35FE /* CheckExchangeRateUITests.xctest */ = {isa = PBXFileReference; explicitFileType = wrapper.cfbundle; includeInIndex = 0; path = CheckExchangeRateUITests.xctest; sourceTree = BUILT_PRODUCTS_DIR; };
		6845F03A245B110D004F35FE /* Info.plist */ = {isa = PBXFileReference; lastKnownFileType = text.plist.xml; path = Info.plist; sourceTree = "<group>"; };
		686D4586245D2DEB0017B05F /* RootWireframe.swift */ = {isa = PBXFileReference; fileEncoding = 4; lastKnownFileType = sourcecode.swift; path = RootWireframe.swift; sourceTree = "<group>"; };
		686D4587245D2DEB0017B05F /* RootRouter.swift */ = {isa = PBXFileReference; fileEncoding = 4; lastKnownFileType = sourcecode.swift; path = RootRouter.swift; sourceTree = "<group>"; };
		686D45A2245D30A80017B05F /* TopContract.swift */ = {isa = PBXFileReference; fileEncoding = 4; lastKnownFileType = sourcecode.swift; path = TopContract.swift; sourceTree = "<group>"; };
		686D45A4245D41710017B05F /* TopPresenter.swift */ = {isa = PBXFileReference; lastKnownFileType = sourcecode.swift; path = TopPresenter.swift; sourceTree = "<group>"; };
		686D45A6245D42290017B05F /* TopViewController.swift */ = {isa = PBXFileReference; lastKnownFileType = sourcecode.swift; path = TopViewController.swift; sourceTree = "<group>"; };
		686D45A8245D42730017B05F /* TopInteractor.swift */ = {isa = PBXFileReference; lastKnownFileType = sourcecode.swift; path = TopInteractor.swift; sourceTree = "<group>"; };
		686D45AA245D42990017B05F /* TopRouter.swift */ = {isa = PBXFileReference; lastKnownFileType = sourcecode.swift; path = TopRouter.swift; sourceTree = "<group>"; };
		686D45AE245D45B70017B05F /* Top.storyboard */ = {isa = PBXFileReference; lastKnownFileType = file.storyboard; path = Top.storyboard; sourceTree = "<group>"; };
		686D45B1245D47260017B05F /* R.generated.swift */ = {isa = PBXFileReference; fileEncoding = 4; lastKnownFileType = sourcecode.swift; path = R.generated.swift; sourceTree = SOURCE_ROOT; };
		686D45EF245E4FC20017B05F /* CurrencyData.swift */ = {isa = PBXFileReference; lastKnownFileType = sourcecode.swift; path = CurrencyData.swift; sourceTree = "<group>"; };
		686D45F1245E52520017B05F /* ExchangeRateData.swift */ = {isa = PBXFileReference; lastKnownFileType = sourcecode.swift; path = ExchangeRateData.swift; sourceTree = "<group>"; };
		686D45F3245E80460017B05F /* UIView+Border.swift */ = {isa = PBXFileReference; lastKnownFileType = sourcecode.swift; path = "UIView+Border.swift"; sourceTree = "<group>"; };
		686D45F5245E8E000017B05F /* Double+Formater.swift */ = {isa = PBXFileReference; lastKnownFileType = sourcecode.swift; path = "Double+Formater.swift"; sourceTree = "<group>"; };
		686D45F7245E99A30017B05F /* UserPreferenceData.swift */ = {isa = PBXFileReference; lastKnownFileType = sourcecode.swift; path = UserPreferenceData.swift; sourceTree = "<group>"; };
		686D45FA245EA8BA0017B05F /* Define.swift */ = {isa = PBXFileReference; lastKnownFileType = sourcecode.swift; path = Define.swift; sourceTree = "<group>"; };
		686D45FE245F044D0017B05F /* CurrencyListResponse.swift */ = {isa = PBXFileReference; lastKnownFileType = sourcecode.swift; path = CurrencyListResponse.swift; sourceTree = "<group>"; };
		689FBD462461A01A00E69197 /* CurrencyListContract.swift */ = {isa = PBXFileReference; fileEncoding = 4; lastKnownFileType = sourcecode.swift; path = CurrencyListContract.swift; sourceTree = "<group>"; };
		689FBD482461A01A00E69197 /* CurrencyListPresenter.swift */ = {isa = PBXFileReference; fileEncoding = 4; lastKnownFileType = sourcecode.swift; path = CurrencyListPresenter.swift; sourceTree = "<group>"; };
		689FBD4A2461A01A00E69197 /* CurrencyList.storyboard */ = {isa = PBXFileReference; fileEncoding = 4; lastKnownFileType = file.storyboard; path = CurrencyList.storyboard; sourceTree = "<group>"; };
		689FBD4B2461A01A00E69197 /* CurrencyListViewController.swift */ = {isa = PBXFileReference; fileEncoding = 4; lastKnownFileType = sourcecode.swift; path = CurrencyListViewController.swift; sourceTree = "<group>"; };
		689FBD4D2461A01A00E69197 /* CurrencyListInteractor.swift */ = {isa = PBXFileReference; fileEncoding = 4; lastKnownFileType = sourcecode.swift; path = CurrencyListInteractor.swift; sourceTree = "<group>"; };
		689FBD4F2461A01A00E69197 /* CurrencyListRouter.swift */ = {isa = PBXFileReference; fileEncoding = 4; lastKnownFileType = sourcecode.swift; path = CurrencyListRouter.swift; sourceTree = "<group>"; };
		689FBD562461C44000E69197 /* CurrencyCell.swift */ = {isa = PBXFileReference; lastKnownFileType = sourcecode.swift; path = CurrencyCell.swift; sourceTree = "<group>"; };
		9A0F362A630C7EF971D1ABC9 /* Pods_CheckExchangeRate_CheckExchangeRateUITests.framework */ = {isa = PBXFileReference; explicitFileType = wrapper.framework; includeInIndex = 0; path = Pods_CheckExchangeRate_CheckExchangeRateUITests.framework; sourceTree = BUILT_PRODUCTS_DIR; };
		D93949EF4C1DE17F7C433DB0 /* Pods_CheckExchangeRateTests.framework */ = {isa = PBXFileReference; explicitFileType = wrapper.framework; includeInIndex = 0; path = Pods_CheckExchangeRateTests.framework; sourceTree = BUILT_PRODUCTS_DIR; };
		E422F8E96E4D94A60A2F4060 /* Pods_CheckExchangeRate.framework */ = {isa = PBXFileReference; explicitFileType = wrapper.framework; includeInIndex = 0; path = Pods_CheckExchangeRate.framework; sourceTree = BUILT_PRODUCTS_DIR; };
		E5E049F82191639169DFA22D /* Pods-CheckExchangeRateTests.debug.xcconfig */ = {isa = PBXFileReference; includeInIndex = 1; lastKnownFileType = text.xcconfig; name = "Pods-CheckExchangeRateTests.debug.xcconfig"; path = "Target Support Files/Pods-CheckExchangeRateTests/Pods-CheckExchangeRateTests.debug.xcconfig"; sourceTree = "<group>"; };
/* End PBXFileReference section */

/* Begin PBXFrameworksBuildPhase section */
		6845F010245B110B004F35FE /* Frameworks */ = {
			isa = PBXFrameworksBuildPhase;
			buildActionMask = 2147483647;
			files = (
				23C2BB8271A207213F903339 /* Pods_CheckExchangeRate.framework in Frameworks */,
			);
			runOnlyForDeploymentPostprocessing = 0;
		};
		6845F026245B110D004F35FE /* Frameworks */ = {
			isa = PBXFrameworksBuildPhase;
			buildActionMask = 2147483647;
			files = (
				AA20A050E29AF97A4402FA91 /* Pods_CheckExchangeRateTests.framework in Frameworks */,
			);
			runOnlyForDeploymentPostprocessing = 0;
		};
		6845F031245B110D004F35FE /* Frameworks */ = {
			isa = PBXFrameworksBuildPhase;
			buildActionMask = 2147483647;
			files = (
				2D7C832652695D78F21E4CA3 /* Pods_CheckExchangeRate_CheckExchangeRateUITests.framework in Frameworks */,
			);
			runOnlyForDeploymentPostprocessing = 0;
		};
/* End PBXFrameworksBuildPhase section */

/* Begin PBXGroup section */
		6845F00A245B110B004F35FE = {
			isa = PBXGroup;
			children = (
				6845F015245B110B004F35FE /* CheckExchangeRate */,
				6845F02C245B110D004F35FE /* CheckExchangeRateTests */,
				6845F037245B110D004F35FE /* CheckExchangeRateUITests */,
				6845F014245B110B004F35FE /* Products */,
				BF3CE1D19B96192176B782B3 /* Pods */,
				F499C168BA189275165CDCC0 /* Frameworks */,
			);
			sourceTree = "<group>";
		};
		6845F014245B110B004F35FE /* Products */ = {
			isa = PBXGroup;
			children = (
				6845F013245B110B004F35FE /* ExcehangeRate.app */,
				6845F029245B110D004F35FE /* CheckExchangeRateTests.xctest */,
				6845F034245B110D004F35FE /* CheckExchangeRateUITests.xctest */,
			);
			name = Products;
			sourceTree = "<group>";
		};
		6845F015245B110B004F35FE /* CheckExchangeRate */ = {
			isa = PBXGroup;
			children = (
				6845F024245B110D004F35FE /* Info.plist */,
				686D45A1245D2E860017B05F /* Application */,
				686D4588245D2DEB0017B05F /* Resource */,
				686D4590245D2DEB0017B05F /* Models */,
				686D4578245D2DEB0017B05F /* Modules */,
				686D45A0245D2DFB0017B05F /* Extensions */,
			);
			path = CheckExchangeRate;
			sourceTree = "<group>";
		};
		6845F02C245B110D004F35FE /* CheckExchangeRateTests */ = {
			isa = PBXGroup;
			children = (
				680D21D72462F37D00931845 /* TestTopInteractor.swift */,
				680D21E12464120900931845 /* TestCurrencyListInteractor.swift */,
				6845F02F245B110D004F35FE /* Info.plist */,
			);
			path = CheckExchangeRateTests;
			sourceTree = "<group>";
		};
		6845F037245B110D004F35FE /* CheckExchangeRateUITests */ = {
			isa = PBXGroup;
			children = (
				680D21D52462EED600931845 /* TopScreeenUITests.swift */,
				680D21E5246427EE00931845 /* CurrencyListScreenUITest.swift */,
				680D21E32464273500931845 /* XCTestCase+Wait.swift */,
				6845F03A245B110D004F35FE /* Info.plist */,
			);
			path = CheckExchangeRateUITests;
			sourceTree = "<group>";
		};
		686D4578245D2DEB0017B05F /* Modules */ = {
			isa = PBXGroup;
			children = (
				686D4585245D2DEB0017B05F /* Root */,
				686D4579245D2DEB0017B05F /* Top */,
				689FBD442461A01A00E69197 /* CurrencyList */,
			);
			path = Modules;
			sourceTree = "<group>";
		};
		686D4579245D2DEB0017B05F /* Top */ = {
			isa = PBXGroup;
			children = (
				686D457A245D2DEB0017B05F /* Contract */,
				686D457C245D2DEB0017B05F /* Presenter */,
				686D457E245D2DEB0017B05F /* View */,
				686D4581245D2DEB0017B05F /* Interactor */,
				686D4583245D2DEB0017B05F /* Router */,
			);
			path = Top;
			sourceTree = "<group>";
		};
		686D457A245D2DEB0017B05F /* Contract */ = {
			isa = PBXGroup;
			children = (
				686D45A2245D30A80017B05F /* TopContract.swift */,
			);
			path = Contract;
			sourceTree = "<group>";
		};
		686D457C245D2DEB0017B05F /* Presenter */ = {
			isa = PBXGroup;
			children = (
				686D45A4245D41710017B05F /* TopPresenter.swift */,
			);
			path = Presenter;
			sourceTree = "<group>";
		};
		686D457E245D2DEB0017B05F /* View */ = {
			isa = PBXGroup;
			children = (
				686D45A6245D42290017B05F /* TopViewController.swift */,
				686D45AE245D45B70017B05F /* Top.storyboard */,
			);
			path = View;
			sourceTree = "<group>";
		};
		686D4581245D2DEB0017B05F /* Interactor */ = {
			isa = PBXGroup;
			children = (
				686D45A8245D42730017B05F /* TopInteractor.swift */,
			);
			path = Interactor;
			sourceTree = "<group>";
		};
		686D4583245D2DEB0017B05F /* Router */ = {
			isa = PBXGroup;
			children = (
				686D45AA245D42990017B05F /* TopRouter.swift */,
			);
			path = Router;
			sourceTree = "<group>";
		};
		686D4585245D2DEB0017B05F /* Root */ = {
			isa = PBXGroup;
			children = (
				686D4586245D2DEB0017B05F /* RootWireframe.swift */,
				686D4587245D2DEB0017B05F /* RootRouter.swift */,
			);
			path = Root;
			sourceTree = "<group>";
		};
		686D4588245D2DEB0017B05F /* Resource */ = {
			isa = PBXGroup;
			children = (
				686D45F9245EA0A60017B05F /* Static */,
				6845F01F245B110D004F35FE /* Assets.xcassets */,
				6845F021245B110D004F35FE /* LaunchScreen.storyboard */,
				686D45B1245D47260017B05F /* R.generated.swift */,
				680D21DD2463CF0400931845 /* Localizable.strings */,
			);
			path = Resource;
			sourceTree = "<group>";
		};
		686D4590245D2DEB0017B05F /* Models */ = {
			isa = PBXGroup;
			children = (
				686D45FD245F042A0017B05F /* Response */,
				686D4591245D2DEB0017B05F /* Realm */,
			);
			path = Models;
			sourceTree = "<group>";
		};
		686D4591245D2DEB0017B05F /* Realm */ = {
			isa = PBXGroup;
			children = (
				686D45EF245E4FC20017B05F /* CurrencyData.swift */,
				686D45F1245E52520017B05F /* ExchangeRateData.swift */,
				686D45F7245E99A30017B05F /* UserPreferenceData.swift */,
			);
			path = Realm;
			sourceTree = "<group>";
		};
		686D45A0245D2DFB0017B05F /* Extensions */ = {
			isa = PBXGroup;
			children = (
				686D45F3245E80460017B05F /* UIView+Border.swift */,
				686D45F5245E8E000017B05F /* Double+Formater.swift */,
			);
			path = Extensions;
			sourceTree = "<group>";
		};
		686D45A1245D2E860017B05F /* Application */ = {
			isa = PBXGroup;
			children = (
				6845F016245B110B004F35FE /* AppDelegate.swift */,
				6845F018245B110B004F35FE /* SceneDelegate.swift */,
			);
			path = Application;
			sourceTree = "<group>";
		};
		686D45F9245EA0A60017B05F /* Static */ = {
			isa = PBXGroup;
			children = (
				686D45FA245EA8BA0017B05F /* Define.swift */,
			);
			path = Static;
			sourceTree = "<group>";
		};
		686D45FD245F042A0017B05F /* Response */ = {
			isa = PBXGroup;
			children = (
				686D45FE245F044D0017B05F /* CurrencyListResponse.swift */,
				6835CB14245F179600EE9347 /* RateListResponse.swift */,
			);
			path = Response;
			sourceTree = "<group>";
		};
		689FBD442461A01A00E69197 /* CurrencyList */ = {
			isa = PBXGroup;
			children = (
				689FBD452461A01A00E69197 /* Contract */,
				689FBD472461A01A00E69197 /* Presenter */,
				689FBD492461A01A00E69197 /* View */,
				689FBD4C2461A01A00E69197 /* Interactor */,
				689FBD4E2461A01A00E69197 /* Router */,
			);
			path = CurrencyList;
			sourceTree = "<group>";
		};
		689FBD452461A01A00E69197 /* Contract */ = {
			isa = PBXGroup;
			children = (
				689FBD462461A01A00E69197 /* CurrencyListContract.swift */,
			);
			path = Contract;
			sourceTree = "<group>";
		};
		689FBD472461A01A00E69197 /* Presenter */ = {
			isa = PBXGroup;
			children = (
				689FBD482461A01A00E69197 /* CurrencyListPresenter.swift */,
			);
			path = Presenter;
			sourceTree = "<group>";
		};
		689FBD492461A01A00E69197 /* View */ = {
			isa = PBXGroup;
			children = (
				689FBD4A2461A01A00E69197 /* CurrencyList.storyboard */,
				689FBD4B2461A01A00E69197 /* CurrencyListViewController.swift */,
				689FBD562461C44000E69197 /* CurrencyCell.swift */,
			);
			path = View;
			sourceTree = "<group>";
		};
		689FBD4C2461A01A00E69197 /* Interactor */ = {
			isa = PBXGroup;
			children = (
				689FBD4D2461A01A00E69197 /* CurrencyListInteractor.swift */,
			);
			path = Interactor;
			sourceTree = "<group>";
		};
		689FBD4E2461A01A00E69197 /* Router */ = {
			isa = PBXGroup;
			children = (
				689FBD4F2461A01A00E69197 /* CurrencyListRouter.swift */,
			);
			path = Router;
			sourceTree = "<group>";
		};
		BF3CE1D19B96192176B782B3 /* Pods */ = {
			isa = PBXGroup;
			children = (
				27E5EE940E79C7FC3F0A53C9 /* Pods-CheckExchangeRate.debug.xcconfig */,
				608B1D7DB426A9DC44A4EC8F /* Pods-CheckExchangeRate.release.xcconfig */,
				12DA8444086673A21C748FCC /* Pods-CheckExchangeRate-CheckExchangeRateUITests.debug.xcconfig */,
				568AD3B7C60711E5EF83350A /* Pods-CheckExchangeRate-CheckExchangeRateUITests.release.xcconfig */,
				E5E049F82191639169DFA22D /* Pods-CheckExchangeRateTests.debug.xcconfig */,
				3E74497B824B2C7AC3A86EEF /* Pods-CheckExchangeRateTests.release.xcconfig */,
			);
			path = Pods;
			sourceTree = "<group>";
		};
		F499C168BA189275165CDCC0 /* Frameworks */ = {
			isa = PBXGroup;
			children = (
				E422F8E96E4D94A60A2F4060 /* Pods_CheckExchangeRate.framework */,
				9A0F362A630C7EF971D1ABC9 /* Pods_CheckExchangeRate_CheckExchangeRateUITests.framework */,
				D93949EF4C1DE17F7C433DB0 /* Pods_CheckExchangeRateTests.framework */,
			);
			name = Frameworks;
			sourceTree = "<group>";
		};
/* End PBXGroup section */

/* Begin PBXNativeTarget section */
		6845F012245B110B004F35FE /* CheckExchangeRate */ = {
			isa = PBXNativeTarget;
			buildConfigurationList = 6845F03D245B110D004F35FE /* Build configuration list for PBXNativeTarget "CheckExchangeRate" */;
			buildPhases = (
				5B778EFD47AF75DE83ACAE38 /* [CP] Check Pods Manifest.lock */,
				686D45B0245D46820017B05F /* ShellScript */,
				6845F00F245B110B004F35FE /* Sources */,
				6845F010245B110B004F35FE /* Frameworks */,
				6845F011245B110B004F35FE /* Resources */,
				8C2A6E6240A431DACC45727D /* [CP] Embed Pods Frameworks */,
			);
			buildRules = (
			);
			dependencies = (
			);
			name = CheckExchangeRate;
			productName = CheckExchangeRate;
			productReference = 6845F013245B110B004F35FE /* ExcehangeRate.app */;
			productType = "com.apple.product-type.application";
		};
		6845F028245B110D004F35FE /* CheckExchangeRateTests */ = {
			isa = PBXNativeTarget;
			buildConfigurationList = 6845F040245B110D004F35FE /* Build configuration list for PBXNativeTarget "CheckExchangeRateTests" */;
			buildPhases = (
				475F7D500530CC5B6AB79202 /* [CP] Check Pods Manifest.lock */,
				6845F025245B110D004F35FE /* Sources */,
				6845F026245B110D004F35FE /* Frameworks */,
				6845F027245B110D004F35FE /* Resources */,
			);
			buildRules = (
			);
			dependencies = (
				6845F02B245B110D004F35FE /* PBXTargetDependency */,
			);
			name = CheckExchangeRateTests;
			productName = CheckExchangeRateTests;
			productReference = 6845F029245B110D004F35FE /* CheckExchangeRateTests.xctest */;
			productType = "com.apple.product-type.bundle.unit-test";
		};
		6845F033245B110D004F35FE /* CheckExchangeRateUITests */ = {
			isa = PBXNativeTarget;
			buildConfigurationList = 6845F043245B110D004F35FE /* Build configuration list for PBXNativeTarget "CheckExchangeRateUITests" */;
			buildPhases = (
				5BB125DADAEEE9FA446EA5FB /* [CP] Check Pods Manifest.lock */,
				6845F030245B110D004F35FE /* Sources */,
				6845F031245B110D004F35FE /* Frameworks */,
				6845F032245B110D004F35FE /* Resources */,
				5B70002DC4FEE26D87FD70E5 /* [CP] Embed Pods Frameworks */,
			);
			buildRules = (
			);
			dependencies = (
				6845F036245B110D004F35FE /* PBXTargetDependency */,
			);
			name = CheckExchangeRateUITests;
			productName = CheckExchangeRateUITests;
			productReference = 6845F034245B110D004F35FE /* CheckExchangeRateUITests.xctest */;
			productType = "com.apple.product-type.bundle.ui-testing";
		};
/* End PBXNativeTarget section */

/* Begin PBXProject section */
		6845F00B245B110B004F35FE /* Project object */ = {
			isa = PBXProject;
			attributes = {
				LastSwiftUpdateCheck = 1130;
				LastUpgradeCheck = 1130;
				ORGANIZATIONNAME = hiroshi;
				TargetAttributes = {
					6845F012245B110B004F35FE = {
						CreatedOnToolsVersion = 11.3.1;
					};
					6845F028245B110D004F35FE = {
						CreatedOnToolsVersion = 11.3.1;
						TestTargetID = 6845F012245B110B004F35FE;
					};
					6845F033245B110D004F35FE = {
						CreatedOnToolsVersion = 11.3.1;
						TestTargetID = 6845F012245B110B004F35FE;
					};
				};
			};
			buildConfigurationList = 6845F00E245B110B004F35FE /* Build configuration list for PBXProject "CheckExchangeRate" */;
			compatibilityVersion = "Xcode 9.3";
			developmentRegion = en;
			hasScannedForEncodings = 0;
			knownRegions = (
				en,
				Base,
			);
			mainGroup = 6845F00A245B110B004F35FE;
			productRefGroup = 6845F014245B110B004F35FE /* Products */;
			projectDirPath = "";
			projectRoot = "";
			targets = (
				6845F012245B110B004F35FE /* CheckExchangeRate */,
				6845F028245B110D004F35FE /* CheckExchangeRateTests */,
				6845F033245B110D004F35FE /* CheckExchangeRateUITests */,
			);
		};
/* End PBXProject section */

/* Begin PBXResourcesBuildPhase section */
		6845F011245B110B004F35FE /* Resources */ = {
			isa = PBXResourcesBuildPhase;
			buildActionMask = 2147483647;
			files = (
				680D21DE2463CF0400931845 /* Localizable.strings in Resources */,
				6845F023245B110D004F35FE /* LaunchScreen.storyboard in Resources */,
				689FBD522461A01A00E69197 /* CurrencyList.storyboard in Resources */,
				6845F020245B110D004F35FE /* Assets.xcassets in Resources */,
				686D45AF245D45B70017B05F /* Top.storyboard in Resources */,
			);
			runOnlyForDeploymentPostprocessing = 0;
		};
		6845F027245B110D004F35FE /* Resources */ = {
			isa = PBXResourcesBuildPhase;
			buildActionMask = 2147483647;
			files = (
			);
			runOnlyForDeploymentPostprocessing = 0;
		};
		6845F032245B110D004F35FE /* Resources */ = {
			isa = PBXResourcesBuildPhase;
			buildActionMask = 2147483647;
			files = (
			);
			runOnlyForDeploymentPostprocessing = 0;
		};
/* End PBXResourcesBuildPhase section */

/* Begin PBXShellScriptBuildPhase section */
		475F7D500530CC5B6AB79202 /* [CP] Check Pods Manifest.lock */ = {
			isa = PBXShellScriptBuildPhase;
			buildActionMask = 2147483647;
			files = (
			);
			inputFileListPaths = (
			);
			inputPaths = (
				"${PODS_PODFILE_DIR_PATH}/Podfile.lock",
				"${PODS_ROOT}/Manifest.lock",
			);
			name = "[CP] Check Pods Manifest.lock";
			outputFileListPaths = (
			);
			outputPaths = (
				"$(DERIVED_FILE_DIR)/Pods-CheckExchangeRateTests-checkManifestLockResult.txt",
			);
			runOnlyForDeploymentPostprocessing = 0;
			shellPath = /bin/sh;
			shellScript = "diff \"${PODS_PODFILE_DIR_PATH}/Podfile.lock\" \"${PODS_ROOT}/Manifest.lock\" > /dev/null\nif [ $? != 0 ] ; then\n    # print error to STDERR\n    echo \"error: The sandbox is not in sync with the Podfile.lock. Run 'pod install' or update your CocoaPods installation.\" >&2\n    exit 1\nfi\n# This output is used by Xcode 'outputs' to avoid re-running this script phase.\necho \"SUCCESS\" > \"${SCRIPT_OUTPUT_FILE_0}\"\n";
			showEnvVarsInLog = 0;
		};
		5B70002DC4FEE26D87FD70E5 /* [CP] Embed Pods Frameworks */ = {
			isa = PBXShellScriptBuildPhase;
			buildActionMask = 2147483647;
			files = (
			);
			inputFileListPaths = (
				"${PODS_ROOT}/Target Support Files/Pods-CheckExchangeRate-CheckExchangeRateUITests/Pods-CheckExchangeRate-CheckExchangeRateUITests-frameworks-${CONFIGURATION}-input-files.xcfilelist",
			);
			name = "[CP] Embed Pods Frameworks";
			outputFileListPaths = (
				"${PODS_ROOT}/Target Support Files/Pods-CheckExchangeRate-CheckExchangeRateUITests/Pods-CheckExchangeRate-CheckExchangeRateUITests-frameworks-${CONFIGURATION}-output-files.xcfilelist",
			);
			runOnlyForDeploymentPostprocessing = 0;
			shellPath = /bin/sh;
			shellScript = "\"${PODS_ROOT}/Target Support Files/Pods-CheckExchangeRate-CheckExchangeRateUITests/Pods-CheckExchangeRate-CheckExchangeRateUITests-frameworks.sh\"\n";
			showEnvVarsInLog = 0;
		};
		5B778EFD47AF75DE83ACAE38 /* [CP] Check Pods Manifest.lock */ = {
			isa = PBXShellScriptBuildPhase;
			buildActionMask = 2147483647;
			files = (
			);
			inputFileListPaths = (
			);
			inputPaths = (
				"${PODS_PODFILE_DIR_PATH}/Podfile.lock",
				"${PODS_ROOT}/Manifest.lock",
			);
			name = "[CP] Check Pods Manifest.lock";
			outputFileListPaths = (
			);
			outputPaths = (
				"$(DERIVED_FILE_DIR)/Pods-CheckExchangeRate-checkManifestLockResult.txt",
			);
			runOnlyForDeploymentPostprocessing = 0;
			shellPath = /bin/sh;
			shellScript = "diff \"${PODS_PODFILE_DIR_PATH}/Podfile.lock\" \"${PODS_ROOT}/Manifest.lock\" > /dev/null\nif [ $? != 0 ] ; then\n    # print error to STDERR\n    echo \"error: The sandbox is not in sync with the Podfile.lock. Run 'pod install' or update your CocoaPods installation.\" >&2\n    exit 1\nfi\n# This output is used by Xcode 'outputs' to avoid re-running this script phase.\necho \"SUCCESS\" > \"${SCRIPT_OUTPUT_FILE_0}\"\n";
			showEnvVarsInLog = 0;
		};
		5BB125DADAEEE9FA446EA5FB /* [CP] Check Pods Manifest.lock */ = {
			isa = PBXShellScriptBuildPhase;
			buildActionMask = 2147483647;
			files = (
			);
			inputFileListPaths = (
			);
			inputPaths = (
				"${PODS_PODFILE_DIR_PATH}/Podfile.lock",
				"${PODS_ROOT}/Manifest.lock",
			);
			name = "[CP] Check Pods Manifest.lock";
			outputFileListPaths = (
			);
			outputPaths = (
				"$(DERIVED_FILE_DIR)/Pods-CheckExchangeRate-CheckExchangeRateUITests-checkManifestLockResult.txt",
			);
			runOnlyForDeploymentPostprocessing = 0;
			shellPath = /bin/sh;
			shellScript = "diff \"${PODS_PODFILE_DIR_PATH}/Podfile.lock\" \"${PODS_ROOT}/Manifest.lock\" > /dev/null\nif [ $? != 0 ] ; then\n    # print error to STDERR\n    echo \"error: The sandbox is not in sync with the Podfile.lock. Run 'pod install' or update your CocoaPods installation.\" >&2\n    exit 1\nfi\n# This output is used by Xcode 'outputs' to avoid re-running this script phase.\necho \"SUCCESS\" > \"${SCRIPT_OUTPUT_FILE_0}\"\n";
			showEnvVarsInLog = 0;
		};
		686D45B0245D46820017B05F /* ShellScript */ = {
			isa = PBXShellScriptBuildPhase;
			buildActionMask = 2147483647;
			files = (
			);
			inputFileListPaths = (
			);
			inputPaths = (
				"$TEMP_DIR/rswift-lastrun",
			);
			outputFileListPaths = (
			);
			outputPaths = (
				$SRCROOT/R.generated.swift,
			);
			runOnlyForDeploymentPostprocessing = 0;
			shellPath = /bin/sh;
			shellScript = "\"$PODS_ROOT/R.swift/rswift\" generate \"$SRCROOT/R.generated.swift\"\n";
		};
		8C2A6E6240A431DACC45727D /* [CP] Embed Pods Frameworks */ = {
			isa = PBXShellScriptBuildPhase;
			buildActionMask = 2147483647;
			files = (
			);
			inputFileListPaths = (
				"${PODS_ROOT}/Target Support Files/Pods-CheckExchangeRate/Pods-CheckExchangeRate-frameworks-${CONFIGURATION}-input-files.xcfilelist",
			);
			name = "[CP] Embed Pods Frameworks";
			outputFileListPaths = (
				"${PODS_ROOT}/Target Support Files/Pods-CheckExchangeRate/Pods-CheckExchangeRate-frameworks-${CONFIGURATION}-output-files.xcfilelist",
			);
			runOnlyForDeploymentPostprocessing = 0;
			shellPath = /bin/sh;
			shellScript = "\"${PODS_ROOT}/Target Support Files/Pods-CheckExchangeRate/Pods-CheckExchangeRate-frameworks.sh\"\n";
			showEnvVarsInLog = 0;
		};
/* End PBXShellScriptBuildPhase section */

/* Begin PBXSourcesBuildPhase section */
		6845F00F245B110B004F35FE /* Sources */ = {
			isa = PBXSourcesBuildPhase;
			buildActionMask = 2147483647;
			files = (
				689FBD572461C44000E69197 /* CurrencyCell.swift in Sources */,
				686D45A9245D42730017B05F /* TopInteractor.swift in Sources */,
				689FBD532461A01A00E69197 /* CurrencyListViewController.swift in Sources */,
				686D45A7245D42290017B05F /* TopViewController.swift in Sources */,
				686D4599245D2DEB0017B05F /* RootWireframe.swift in Sources */,
				686D45F4245E80460017B05F /* UIView+Border.swift in Sources */,
				689FBD552461A01A00E69197 /* CurrencyListRouter.swift in Sources */,
				689FBD542461A01A00E69197 /* CurrencyListInteractor.swift in Sources */,
				686D45F6245E8E000017B05F /* Double+Formater.swift in Sources */,
				689FBD502461A01A00E69197 /* CurrencyListContract.swift in Sources */,
				686D45A5245D41710017B05F /* TopPresenter.swift in Sources */,
				686D45AB245D42990017B05F /* TopRouter.swift in Sources */,
				6845F017245B110B004F35FE /* AppDelegate.swift in Sources */,
				686D45F2245E52520017B05F /* ExchangeRateData.swift in Sources */,
				686D459A245D2DEB0017B05F /* RootRouter.swift in Sources */,
				6835CB15245F179600EE9347 /* RateListResponse.swift in Sources */,
				686D45F8245E99A30017B05F /* UserPreferenceData.swift in Sources */,
				689FBD512461A01A00E69197 /* CurrencyListPresenter.swift in Sources */,
				686D45F0245E4FC20017B05F /* CurrencyData.swift in Sources */,
				6845F019245B110B004F35FE /* SceneDelegate.swift in Sources */,
				686D45FB245EA8BA0017B05F /* Define.swift in Sources */,
				686D45A3245D30A80017B05F /* TopContract.swift in Sources */,
				686D45B2245D47260017B05F /* R.generated.swift in Sources */,
				686D45FF245F044D0017B05F /* CurrencyListResponse.swift in Sources */,
			);
			runOnlyForDeploymentPostprocessing = 0;
		};
		6845F025245B110D004F35FE /* Sources */ = {
			isa = PBXSourcesBuildPhase;
			buildActionMask = 2147483647;
			files = (
				680D21E22464120900931845 /* TestCurrencyListInteractor.swift in Sources */,
				680D21DA2462FDBF00931845 /* TestTopInteractor.swift in Sources */,
			);
			runOnlyForDeploymentPostprocessing = 0;
		};
		6845F030245B110D004F35FE /* Sources */ = {
			isa = PBXSourcesBuildPhase;
			buildActionMask = 2147483647;
			files = (
				680D21D62462EED600931845 /* TopScreeenUITests.swift in Sources */,
				680D21E6246427EE00931845 /* CurrencyListScreenUITest.swift in Sources */,
				680D21E42464273500931845 /* XCTestCase+Wait.swift in Sources */,
			);
			runOnlyForDeploymentPostprocessing = 0;
		};
/* End PBXSourcesBuildPhase section */

/* Begin PBXTargetDependency section */
		6845F02B245B110D004F35FE /* PBXTargetDependency */ = {
			isa = PBXTargetDependency;
			target = 6845F012245B110B004F35FE /* CheckExchangeRate */;
			targetProxy = 6845F02A245B110D004F35FE /* PBXContainerItemProxy */;
		};
		6845F036245B110D004F35FE /* PBXTargetDependency */ = {
			isa = PBXTargetDependency;
			target = 6845F012245B110B004F35FE /* CheckExchangeRate */;
			targetProxy = 6845F035245B110D004F35FE /* PBXContainerItemProxy */;
		};
/* End PBXTargetDependency section */

/* Begin PBXVariantGroup section */
		6845F021245B110D004F35FE /* LaunchScreen.storyboard */ = {
			isa = PBXVariantGroup;
			children = (
				6845F022245B110D004F35FE /* Base */,
			);
			name = LaunchScreen.storyboard;
			sourceTree = "<group>";
		};
/* End PBXVariantGroup section */

/* Begin XCBuildConfiguration section */
		6845F03B245B110D004F35FE /* Debug */ = {
			isa = XCBuildConfiguration;
			buildSettings = {
				ALWAYS_SEARCH_USER_PATHS = NO;
				CLANG_ANALYZER_NONNULL = YES;
				CLANG_ANALYZER_NUMBER_OBJECT_CONVERSION = YES_AGGRESSIVE;
				CLANG_CXX_LANGUAGE_STANDARD = "gnu++14";
				CLANG_CXX_LIBRARY = "libc++";
				CLANG_ENABLE_MODULES = YES;
				CLANG_ENABLE_OBJC_ARC = YES;
				CLANG_ENABLE_OBJC_WEAK = YES;
				CLANG_WARN_BLOCK_CAPTURE_AUTORELEASING = YES;
				CLANG_WARN_BOOL_CONVERSION = YES;
				CLANG_WARN_COMMA = YES;
				CLANG_WARN_CONSTANT_CONVERSION = YES;
				CLANG_WARN_DEPRECATED_OBJC_IMPLEMENTATIONS = YES;
				CLANG_WARN_DIRECT_OBJC_ISA_USAGE = YES_ERROR;
				CLANG_WARN_DOCUMENTATION_COMMENTS = YES;
				CLANG_WARN_EMPTY_BODY = YES;
				CLANG_WARN_ENUM_CONVERSION = YES;
				CLANG_WARN_INFINITE_RECURSION = YES;
				CLANG_WARN_INT_CONVERSION = YES;
				CLANG_WARN_NON_LITERAL_NULL_CONVERSION = YES;
				CLANG_WARN_OBJC_IMPLICIT_RETAIN_SELF = YES;
				CLANG_WARN_OBJC_LITERAL_CONVERSION = YES;
				CLANG_WARN_OBJC_ROOT_CLASS = YES_ERROR;
				CLANG_WARN_RANGE_LOOP_ANALYSIS = YES;
				CLANG_WARN_STRICT_PROTOTYPES = YES;
				CLANG_WARN_SUSPICIOUS_MOVE = YES;
				CLANG_WARN_UNGUARDED_AVAILABILITY = YES_AGGRESSIVE;
				CLANG_WARN_UNREACHABLE_CODE = YES;
				CLANG_WARN__DUPLICATE_METHOD_MATCH = YES;
				COPY_PHASE_STRIP = NO;
				DEBUG_INFORMATION_FORMAT = dwarf;
				ENABLE_STRICT_OBJC_MSGSEND = YES;
				ENABLE_TESTABILITY = YES;
				GCC_C_LANGUAGE_STANDARD = gnu11;
				GCC_DYNAMIC_NO_PIC = NO;
				GCC_NO_COMMON_BLOCKS = YES;
				GCC_OPTIMIZATION_LEVEL = 0;
				GCC_PREPROCESSOR_DEFINITIONS = (
					"DEBUG=1",
					"$(inherited)",
				);
				GCC_WARN_64_TO_32_BIT_CONVERSION = YES;
				GCC_WARN_ABOUT_RETURN_TYPE = YES_ERROR;
				GCC_WARN_UNDECLARED_SELECTOR = YES;
				GCC_WARN_UNINITIALIZED_AUTOS = YES_AGGRESSIVE;
				GCC_WARN_UNUSED_FUNCTION = YES;
				GCC_WARN_UNUSED_VARIABLE = YES;
				IPHONEOS_DEPLOYMENT_TARGET = 13.0;
				MTL_ENABLE_DEBUG_INFO = INCLUDE_SOURCE;
				MTL_FAST_MATH = YES;
				ONLY_ACTIVE_ARCH = YES;
				SDKROOT = iphoneos;
				SWIFT_ACTIVE_COMPILATION_CONDITIONS = DEBUG;
				SWIFT_OPTIMIZATION_LEVEL = "-Onone";
			};
			name = Debug;
		};
		6845F03C245B110D004F35FE /* Release */ = {
			isa = XCBuildConfiguration;
			buildSettings = {
				ALWAYS_SEARCH_USER_PATHS = NO;
				CLANG_ANALYZER_NONNULL = YES;
				CLANG_ANALYZER_NUMBER_OBJECT_CONVERSION = YES_AGGRESSIVE;
				CLANG_CXX_LANGUAGE_STANDARD = "gnu++14";
				CLANG_CXX_LIBRARY = "libc++";
				CLANG_ENABLE_MODULES = YES;
				CLANG_ENABLE_OBJC_ARC = YES;
				CLANG_ENABLE_OBJC_WEAK = YES;
				CLANG_WARN_BLOCK_CAPTURE_AUTORELEASING = YES;
				CLANG_WARN_BOOL_CONVERSION = YES;
				CLANG_WARN_COMMA = YES;
				CLANG_WARN_CONSTANT_CONVERSION = YES;
				CLANG_WARN_DEPRECATED_OBJC_IMPLEMENTATIONS = YES;
				CLANG_WARN_DIRECT_OBJC_ISA_USAGE = YES_ERROR;
				CLANG_WARN_DOCUMENTATION_COMMENTS = YES;
				CLANG_WARN_EMPTY_BODY = YES;
				CLANG_WARN_ENUM_CONVERSION = YES;
				CLANG_WARN_INFINITE_RECURSION = YES;
				CLANG_WARN_INT_CONVERSION = YES;
				CLANG_WARN_NON_LITERAL_NULL_CONVERSION = YES;
				CLANG_WARN_OBJC_IMPLICIT_RETAIN_SELF = YES;
				CLANG_WARN_OBJC_LITERAL_CONVERSION = YES;
				CLANG_WARN_OBJC_ROOT_CLASS = YES_ERROR;
				CLANG_WARN_RANGE_LOOP_ANALYSIS = YES;
				CLANG_WARN_STRICT_PROTOTYPES = YES;
				CLANG_WARN_SUSPICIOUS_MOVE = YES;
				CLANG_WARN_UNGUARDED_AVAILABILITY = YES_AGGRESSIVE;
				CLANG_WARN_UNREACHABLE_CODE = YES;
				CLANG_WARN__DUPLICATE_METHOD_MATCH = YES;
				COPY_PHASE_STRIP = NO;
				DEBUG_INFORMATION_FORMAT = "dwarf-with-dsym";
				ENABLE_NS_ASSERTIONS = NO;
				ENABLE_STRICT_OBJC_MSGSEND = YES;
				GCC_C_LANGUAGE_STANDARD = gnu11;
				GCC_NO_COMMON_BLOCKS = YES;
				GCC_WARN_64_TO_32_BIT_CONVERSION = YES;
				GCC_WARN_ABOUT_RETURN_TYPE = YES_ERROR;
				GCC_WARN_UNDECLARED_SELECTOR = YES;
				GCC_WARN_UNINITIALIZED_AUTOS = YES_AGGRESSIVE;
				GCC_WARN_UNUSED_FUNCTION = YES;
				GCC_WARN_UNUSED_VARIABLE = YES;
				IPHONEOS_DEPLOYMENT_TARGET = 13.0;
				MTL_ENABLE_DEBUG_INFO = NO;
				MTL_FAST_MATH = YES;
				SDKROOT = iphoneos;
				SWIFT_COMPILATION_MODE = wholemodule;
				SWIFT_OPTIMIZATION_LEVEL = "-O";
				VALIDATE_PRODUCT = YES;
			};
			name = Release;
		};
		6845F03E245B110D004F35FE /* Debug */ = {
			isa = XCBuildConfiguration;
			baseConfigurationReference = 27E5EE940E79C7FC3F0A53C9 /* Pods-CheckExchangeRate.debug.xcconfig */;
			buildSettings = {
				ASSETCATALOG_COMPILER_APPICON_NAME = AppIcon;
				CODE_SIGN_STYLE = Automatic;
				DEVELOPMENT_TEAM = SN5DS5FR82;
				INFOPLIST_FILE = CheckExchangeRate/Info.plist;
				LD_RUNPATH_SEARCH_PATHS = (
					"$(inherited)",
					"@executable_path/Frameworks",
				);
				PRODUCT_BUNDLE_IDENTIFIER = com.gmail.ooshiro010.CheckExchangeRate;
				PRODUCT_NAME = ExcehangeRate;
				SWIFT_VERSION = 5.0;
				TARGETED_DEVICE_FAMILY = 1;
			};
			name = Debug;
		};
		6845F03F245B110D004F35FE /* Release */ = {
			isa = XCBuildConfiguration;
			baseConfigurationReference = 608B1D7DB426A9DC44A4EC8F /* Pods-CheckExchangeRate.release.xcconfig */;
			buildSettings = {
				ASSETCATALOG_COMPILER_APPICON_NAME = AppIcon;
				CODE_SIGN_STYLE = Automatic;
				DEVELOPMENT_TEAM = SN5DS5FR82;
				INFOPLIST_FILE = CheckExchangeRate/Info.plist;
				LD_RUNPATH_SEARCH_PATHS = (
					"$(inherited)",
					"@executable_path/Frameworks",
				);
				PRODUCT_BUNDLE_IDENTIFIER = com.gmail.ooshiro010.CheckExchangeRate;
				PRODUCT_NAME = ExcehangeRate;
				SWIFT_VERSION = 5.0;
				TARGETED_DEVICE_FAMILY = 1;
			};
			name = Release;
		};
		6845F041245B110D004F35FE /* Debug */ = {
			isa = XCBuildConfiguration;
			baseConfigurationReference = E5E049F82191639169DFA22D /* Pods-CheckExchangeRateTests.debug.xcconfig */;
			buildSettings = {
				ALWAYS_EMBED_SWIFT_STANDARD_LIBRARIES = YES;
				BUNDLE_LOADER = "$(TEST_HOST)";
				CODE_SIGN_STYLE = Automatic;
				DEVELOPMENT_TEAM = SN5DS5FR82;
				INFOPLIST_FILE = CheckExchangeRateTests/Info.plist;
				IPHONEOS_DEPLOYMENT_TARGET = 13.2;
				LD_RUNPATH_SEARCH_PATHS = (
					"$(inherited)",
					"@executable_path/Frameworks",
					"@loader_path/Frameworks",
				);
				PRODUCT_BUNDLE_IDENTIFIER = com.gmail.ooshiro010.CheckExchangeRateTests;
				PRODUCT_NAME = "$(TARGET_NAME)";
				SWIFT_VERSION = 5.0;
				TARGETED_DEVICE_FAMILY = "1,2";
				TEST_HOST = "$(BUILT_PRODUCTS_DIR)/ExcehangeRate.app/ExcehangeRate";
			};
			name = Debug;
		};
		6845F042245B110D004F35FE /* Release */ = {
			isa = XCBuildConfiguration;
			baseConfigurationReference = 3E74497B824B2C7AC3A86EEF /* Pods-CheckExchangeRateTests.release.xcconfig */;
			buildSettings = {
				ALWAYS_EMBED_SWIFT_STANDARD_LIBRARIES = YES;
				BUNDLE_LOADER = "$(TEST_HOST)";
				CODE_SIGN_STYLE = Automatic;
				DEVELOPMENT_TEAM = SN5DS5FR82;
				INFOPLIST_FILE = CheckExchangeRateTests/Info.plist;
				IPHONEOS_DEPLOYMENT_TARGET = 13.2;
				LD_RUNPATH_SEARCH_PATHS = (
					"$(inherited)",
					"@executable_path/Frameworks",
					"@loader_path/Frameworks",
				);
				PRODUCT_BUNDLE_IDENTIFIER = com.gmail.ooshiro010.CheckExchangeRateTests;
				PRODUCT_NAME = "$(TARGET_NAME)";
				SWIFT_VERSION = 5.0;
				TARGETED_DEVICE_FAMILY = "1,2";
				TEST_HOST = "$(BUILT_PRODUCTS_DIR)/ExcehangeRate.app/ExcehangeRate";
			};
			name = Release;
		};
		6845F044245B110D004F35FE /* Debug */ = {
			isa = XCBuildConfiguration;
			baseConfigurationReference = 12DA8444086673A21C748FCC /* Pods-CheckExchangeRate-CheckExchangeRateUITests.debug.xcconfig */;
			buildSettings = {
				ALWAYS_EMBED_SWIFT_STANDARD_LIBRARIES = YES;
				CODE_SIGN_STYLE = Automatic;
				DEVELOPMENT_TEAM = SN5DS5FR82;
				INFOPLIST_FILE = CheckExchangeRateUITests/Info.plist;
				LD_RUNPATH_SEARCH_PATHS = (
					"$(inherited)",
					"@executable_path/Frameworks",
					"@loader_path/Frameworks",
				);
				PRODUCT_BUNDLE_IDENTIFIER = com.gmail.ooshiro010.CheckExchangeRateUITests;
				PRODUCT_NAME = "$(TARGET_NAME)";
				SWIFT_VERSION = 5.0;
				TARGETED_DEVICE_FAMILY = "1,2";
				TEST_TARGET_NAME = CheckExchangeRate;
			};
			name = Debug;
		};
		6845F045245B110D004F35FE /* Release */ = {
			isa = XCBuildConfiguration;
			baseConfigurationReference = 568AD3B7C60711E5EF83350A /* Pods-CheckExchangeRate-CheckExchangeRateUITests.release.xcconfig */;
			buildSettings = {
				ALWAYS_EMBED_SWIFT_STANDARD_LIBRARIES = YES;
				CODE_SIGN_STYLE = Automatic;
				DEVELOPMENT_TEAM = SN5DS5FR82;
				INFOPLIST_FILE = CheckExchangeRateUITests/Info.plist;
				LD_RUNPATH_SEARCH_PATHS = (
					"$(inherited)",
					"@executable_path/Frameworks",
					"@loader_path/Frameworks",
				);
				PRODUCT_BUNDLE_IDENTIFIER = com.gmail.ooshiro010.CheckExchangeRateUITests;
				PRODUCT_NAME = "$(TARGET_NAME)";
				SWIFT_VERSION = 5.0;
				TARGETED_DEVICE_FAMILY = "1,2";
				TEST_TARGET_NAME = CheckExchangeRate;
			};
			name = Release;
		};
/* End XCBuildConfiguration section */

/* Begin XCConfigurationList section */
		6845F00E245B110B004F35FE /* Build configuration list for PBXProject "CheckExchangeRate" */ = {
			isa = XCConfigurationList;
			buildConfigurations = (
				6845F03B245B110D004F35FE /* Debug */,
				6845F03C245B110D004F35FE /* Release */,
			);
			defaultConfigurationIsVisible = 0;
			defaultConfigurationName = Release;
		};
		6845F03D245B110D004F35FE /* Build configuration list for PBXNativeTarget "CheckExchangeRate" */ = {
			isa = XCConfigurationList;
			buildConfigurations = (
				6845F03E245B110D004F35FE /* Debug */,
				6845F03F245B110D004F35FE /* Release */,
			);
			defaultConfigurationIsVisible = 0;
			defaultConfigurationName = Release;
		};
		6845F040245B110D004F35FE /* Build configuration list for PBXNativeTarget "CheckExchangeRateTests" */ = {
			isa = XCConfigurationList;
			buildConfigurations = (
				6845F041245B110D004F35FE /* Debug */,
				6845F042245B110D004F35FE /* Release */,
			);
			defaultConfigurationIsVisible = 0;
			defaultConfigurationName = Release;
		};
		6845F043245B110D004F35FE /* Build configuration list for PBXNativeTarget "CheckExchangeRateUITests" */ = {
			isa = XCConfigurationList;
			buildConfigurations = (
				6845F044245B110D004F35FE /* Debug */,
				6845F045245B110D004F35FE /* Release */,
			);
			defaultConfigurationIsVisible = 0;
			defaultConfigurationName = Release;
		};
/* End XCConfigurationList section */
	};
	rootObject = 6845F00B245B110B004F35FE /* Project object */;
}
